
Microsoft Visual Studio Solution File, Format Version 12.00
# Visual Studio Version 17
VisualStudioVersion = 17.0.31903.59
MinimumVisualStudioVersion = 10.0.40219.1
Project("{FAE04EC0-301F-11D3-BF4B-00C04F79EFBC}") = "CalculatorApi", "CalculatorApi\CalculatorApi.csproj", "{987BC28C-DB21-4B9A-A105-B2D380C353D6}"
EndProject
Project("{FAE04EC0-301F-11D3-BF4B-00C04F79EFBC}") = "RestClient", "RestClient\RestClient.csproj", "{57435727-9A35-4F6E-A2D8-B1ACA1AE2D7D}"
EndProject
Project("{2150E333-8FDC-42A3-9474-1A3956D46DE8}") = "Lecture_1", "Lecture_1", "{107DA9C5-1AA7-49F7-99CC-A71D1BBB2391}"
EndProject
Project("{2150E333-8FDC-42A3-9474-1A3956D46DE8}") = "Lecture_2", "Lecture_2", "{8D514DD2-3964-4645-BB1B-68D5241FE1FC}"
EndProject
Project("{2150E333-8FDC-42A3-9474-1A3956D46DE8}") = "WCF", "WCF", "{647D1274-4BD5-46C4-B342-832F295B5B05}"
EndProject
Project("{FAE04EC0-301F-11D3-BF4B-00C04F79EFBC}") = "Calculator.CoreWCFService", "Lecture2\WCF\Calculator.CoreWcfService\Calculator.CoreWCFService.csproj", "{93C7C855-C9B8-4193-988C-B2B7812B7235}"
EndProject
Project("{FAE04EC0-301F-11D3-BF4B-00C04F79EFBC}") = "Calculator.SoapService", "Lecture2\Calculator.SoapService\Calculator.SoapService.csproj", "{37707FF5-C6B5-4654-BEFA-25150E14BA69}"
EndProject
Project("{FAE04EC0-301F-11D3-BF4B-00C04F79EFBC}") = "WCFClient", "Lecture2\WCF\WCFClient\WCFClient.csproj", "{680FFE05-DD3D-4337-8952-03C37F5A6E43}"
EndProject
Project("{FAE04EC0-301F-11D3-BF4B-00C04F79EFBC}") = "WCFWeb", "Lecture2\WCF\WCFWeb\WCFWeb.csproj", "{AF7C219A-4684-4504-A32B-34BB477F2007}"
EndProject
Global
	GlobalSection(SolutionConfigurationPlatforms) = preSolution
		Debug|Any CPU = Debug|Any CPU
		Release|Any CPU = Release|Any CPU
	EndGlobalSection
	GlobalSection(ProjectConfigurationPlatforms) = postSolution
		{987BC28C-DB21-4B9A-A105-B2D380C353D6}.Debug|Any CPU.ActiveCfg = Debug|Any CPU
		{987BC28C-DB21-4B9A-A105-B2D380C353D6}.Debug|Any CPU.Build.0 = Debug|Any CPU
		{987BC28C-DB21-4B9A-A105-B2D380C353D6}.Release|Any CPU.ActiveCfg = Release|Any CPU
		{987BC28C-DB21-4B9A-A105-B2D380C353D6}.Release|Any CPU.Build.0 = Release|Any CPU
		{57435727-9A35-4F6E-A2D8-B1ACA1AE2D7D}.Debug|Any CPU.ActiveCfg = Debug|Any CPU
		{57435727-9A35-4F6E-A2D8-B1ACA1AE2D7D}.Debug|Any CPU.Build.0 = Debug|Any CPU
		{57435727-9A35-4F6E-A2D8-B1ACA1AE2D7D}.Release|Any CPU.ActiveCfg = Release|Any CPU
		{57435727-9A35-4F6E-A2D8-B1ACA1AE2D7D}.Release|Any CPU.Build.0 = Release|Any CPU
		{93C7C855-C9B8-4193-988C-B2B7812B7235}.Debug|Any CPU.ActiveCfg = Debug|Any CPU
		{93C7C855-C9B8-4193-988C-B2B7812B7235}.Debug|Any CPU.Build.0 = Debug|Any CPU
		{93C7C855-C9B8-4193-988C-B2B7812B7235}.Release|Any CPU.ActiveCfg = Release|Any CPU
		{93C7C855-C9B8-4193-988C-B2B7812B7235}.Release|Any CPU.Build.0 = Release|Any CPU
		{37707FF5-C6B5-4654-BEFA-25150E14BA69}.Debug|Any CPU.ActiveCfg = Debug|Any CPU
		{37707FF5-C6B5-4654-BEFA-25150E14BA69}.Debug|Any CPU.Build.0 = Debug|Any CPU
		{37707FF5-C6B5-4654-BEFA-25150E14BA69}.Release|Any CPU.ActiveCfg = Release|Any CPU
		{37707FF5-C6B5-4654-BEFA-25150E14BA69}.Release|Any CPU.Build.0 = Release|Any CPU
		{680FFE05-DD3D-4337-8952-03C37F5A6E43}.Debug|Any CPU.ActiveCfg = Debug|Any CPU
		{680FFE05-DD3D-4337-8952-03C37F5A6E43}.Debug|Any CPU.Build.0 = Debug|Any CPU
		{680FFE05-DD3D-4337-8952-03C37F5A6E43}.Release|Any CPU.ActiveCfg = Release|Any CPU
		{680FFE05-DD3D-4337-8952-03C37F5A6E43}.Release|Any CPU.Build.0 = Release|Any CPU
		{AF7C219A-4684-4504-A32B-34BB477F2007}.Debug|Any CPU.ActiveCfg = Debug|Any CPU
		{AF7C219A-4684-4504-A32B-34BB477F2007}.Debug|Any CPU.Build.0 = Debug|Any CPU
		{AF7C219A-4684-4504-A32B-34BB477F2007}.Release|Any CPU.ActiveCfg = Release|Any CPU
		{AF7C219A-4684-4504-A32B-34BB477F2007}.Release|Any CPU.Build.0 = Release|Any CPU
	EndGlobalSection
	GlobalSection(SolutionProperties) = preSolution
		HideSolutionNode = FALSE
	EndGlobalSection
	GlobalSection(NestedProjects) = preSolution
		{987BC28C-DB21-4B9A-A105-B2D380C353D6} = {107DA9C5-1AA7-49F7-99CC-A71D1BBB2391}
		{57435727-9A35-4F6E-A2D8-B1ACA1AE2D7D} = {107DA9C5-1AA7-49F7-99CC-A71D1BBB2391}
		{647D1274-4BD5-46C4-B342-832F295B5B05} = {8D514DD2-3964-4645-BB1B-68D5241FE1FC}
		{93C7C855-C9B8-4193-988C-B2B7812B7235} = {647D1274-4BD5-46C4-B342-832F295B5B05}
		{37707FF5-C6B5-4654-BEFA-25150E14BA69} = {8D514DD2-3964-4645-BB1B-68D5241FE1FC}
		{680FFE05-DD3D-4337-8952-03C37F5A6E43} = {647D1274-4BD5-46C4-B342-832F295B5B05}
		{AF7C219A-4684-4504-A32B-34BB477F2007} = {647D1274-4BD5-46C4-B342-832F295B5B05}
	EndGlobalSection
EndGlobal
